
Microsoft Visual Studio Solution File, Format Version 12.00
# Visual Studio Version 16
VisualStudioVersion = 16.0.30717.126
MinimumVisualStudioVersion = 10.0.40219.1
Project("{2150E333-8FDC-42A3-9474-1A3956D46DE8}") = "Domain", "Domain", "{D9B35A8C-7C81-459C-9073-901A9CAE0721}"
EndProject
Project("{2150E333-8FDC-42A3-9474-1A3956D46DE8}") = "Infra.Bus", "Infra.Bus", "{3B645684-78AD-482C-ABCF-F8AB17BF6D09}"
EndProject
Project("{2150E333-8FDC-42A3-9474-1A3956D46DE8}") = "Infra.IoC", "Infra.IoC", "{0FEDAE8C-17A8-42BE-85EB-9A278956FE32}"
EndProject
Project("{2150E333-8FDC-42A3-9474-1A3956D46DE8}") = "Micoservices", "Micoservices", "{F2A8ED71-17B9-4027-B7DA-930DEB39480B}"
EndProject
Project("{2150E333-8FDC-42A3-9474-1A3956D46DE8}") = "Presentation", "Presentation", "{5E552FF5-4035-4427-9D5B-13F9471E2087}"
EndProject
Project("{9A19103F-16F7-4668-BE54-9A1E7A4F7556}") = "MicroRabbit.Domain.Core", "MicroRabbit.Domain.Core\MicroRabbit.Domain.Core.csproj", "{630741DB-29FC-41C2-8DD9-6CAB055C56EF}"
EndProject
Project("{9A19103F-16F7-4668-BE54-9A1E7A4F7556}") = "MicroRabbit.Infra.Bus", "MicroRabbit.Infra.Bus\MicroRabbit.Infra.Bus.csproj", "{CBD07BA4-3588-492B-9947-A98298E4DBBB}"
EndProject
Project("{9A19103F-16F7-4668-BE54-9A1E7A4F7556}") = "MicroRabbit.Infra.IoC", "MicroRabbit.Infra.IoC\MicroRabbit.Infra.IoC.csproj", "{6D498A2C-D709-4813-A545-EE79BB0AE9AF}"
EndProject
Project("{2150E333-8FDC-42A3-9474-1A3956D46DE8}") = "Banking", "Banking", "{3661A949-0179-4E60-B550-D08E394647D9}"
EndProject
Project("{2150E333-8FDC-42A3-9474-1A3956D46DE8}") = "API", "API", "{54F6D895-C3BC-4541-BA6D-E579BE535626}"
EndProject
Project("{2150E333-8FDC-42A3-9474-1A3956D46DE8}") = "Domain", "Domain", "{1CDAFA57-CFBB-4264-8816-FA473E2D803C}"
EndProject
Project("{2150E333-8FDC-42A3-9474-1A3956D46DE8}") = "Application", "Application", "{D01C55B3-F1E4-4E73-8650-697C1A75366F}"
EndProject
Project("{2150E333-8FDC-42A3-9474-1A3956D46DE8}") = "Data", "Data", "{B8FC4360-1D3D-444F-984A-B3362CEBC569}"
EndProject
Project("{9A19103F-16F7-4668-BE54-9A1E7A4F7556}") = "MicroRabbit.Banking.Api", "MicroRabbit.Banking.Api\MicroRabbit.Banking.Api.csproj", "{32380A3D-64FF-4937-B526-E50AAD8BE5A0}"
EndProject
Project("{9A19103F-16F7-4668-BE54-9A1E7A4F7556}") = "MicroRabbit.Banking.Application", "MicroRabbit.Banking.Application\MicroRabbit.Banking.Application.csproj", "{54A618AE-BA07-4A69-AD1F-1BB0113F5AB2}"
EndProject
Project("{9A19103F-16F7-4668-BE54-9A1E7A4F7556}") = "MicroRabbit.Banking.Data", "MicroRabbit.Banking.Data\MicroRabbit.Banking.Data.csproj", "{F4C37A6E-4A90-4411-8442-5F4E1E2137C8}"
EndProject
Project("{9A19103F-16F7-4668-BE54-9A1E7A4F7556}") = "MicroRabbit.Banking.Domain", "MicroRabbit.Banking.Domain\MicroRabbit.Banking.Domain.csproj", "{E01A8177-CD2A-44DC-9283-6BC0575DB33D}"
EndProject
Project("{2150E333-8FDC-42A3-9474-1A3956D46DE8}") = "Transfer", "Transfer", "{85BD177D-9D52-4E37-9D15-BA2FCC6AA418}"
EndProject
Project("{2150E333-8FDC-42A3-9474-1A3956D46DE8}") = "API", "API", "{E45562C5-2FF1-4B3C-A730-BED249BEB6BB}"
EndProject
Project("{2150E333-8FDC-42A3-9474-1A3956D46DE8}") = "Application", "Application", "{80FDD6CC-7E3A-4F81-BFB2-34DAA326FE9E}"
EndProject
Project("{2150E333-8FDC-42A3-9474-1A3956D46DE8}") = "Data", "Data", "{693D9834-BE92-4496-9A52-A03E6DF1CC1E}"
EndProject
Project("{2150E333-8FDC-42A3-9474-1A3956D46DE8}") = "Domain", "Domain", "{C7AD68D7-5079-47E6-BC78-DA73B2262627}"
EndProject
Project("{FAE04EC0-301F-11D3-BF4B-00C04F79EFBC}") = "MicroRabbit.Transfer.Api", "MicroRabbit.Transfer.Api\MicroRabbit.Transfer.Api.csproj", "{186D5C4F-A300-4F31-B84E-69B53D854545}"
EndProject
Project("{FAE04EC0-301F-11D3-BF4B-00C04F79EFBC}") = "MicroRabbit.Transfer.Application", "MicroRabbit.Transfer.Application\MicroRabbit.Transfer.Application.csproj", "{E0A974ED-59CD-4E7D-A0F6-98BD721E59B0}"
EndProject
Project("{FAE04EC0-301F-11D3-BF4B-00C04F79EFBC}") = "MicroRabbit.Transfer.Data", "MicroRabbit.Transfer.Data\MicroRabbit.Transfer.Data.csproj", "{5F790294-87BD-4784-AD4B-FF64C379742B}"
EndProject
Project("{FAE04EC0-301F-11D3-BF4B-00C04F79EFBC}") = "MicroRabbit.Transfer.Domain", "MicroRabbit.Domain.Data\MicroRabbit.Transfer.Domain.csproj", "{875E8DEE-A4F4-4FDB-8611-FA5463F56C17}"
EndProject
Global
	GlobalSection(SolutionConfigurationPlatforms) = preSolution
		Debug|Any CPU = Debug|Any CPU
		Release|Any CPU = Release|Any CPU
	EndGlobalSection
	GlobalSection(ProjectConfigurationPlatforms) = postSolution
		{630741DB-29FC-41C2-8DD9-6CAB055C56EF}.Debug|Any CPU.ActiveCfg = Debug|Any CPU
		{630741DB-29FC-41C2-8DD9-6CAB055C56EF}.Debug|Any CPU.Build.0 = Debug|Any CPU
		{630741DB-29FC-41C2-8DD9-6CAB055C56EF}.Release|Any CPU.ActiveCfg = Release|Any CPU
		{630741DB-29FC-41C2-8DD9-6CAB055C56EF}.Release|Any CPU.Build.0 = Release|Any CPU
		{CBD07BA4-3588-492B-9947-A98298E4DBBB}.Debug|Any CPU.ActiveCfg = Debug|Any CPU
		{CBD07BA4-3588-492B-9947-A98298E4DBBB}.Debug|Any CPU.Build.0 = Debug|Any CPU
		{CBD07BA4-3588-492B-9947-A98298E4DBBB}.Release|Any CPU.ActiveCfg = Release|Any CPU
		{CBD07BA4-3588-492B-9947-A98298E4DBBB}.Release|Any CPU.Build.0 = Release|Any CPU
		{6D498A2C-D709-4813-A545-EE79BB0AE9AF}.Debug|Any CPU.ActiveCfg = Debug|Any CPU
		{6D498A2C-D709-4813-A545-EE79BB0AE9AF}.Debug|Any CPU.Build.0 = Debug|Any CPU
		{6D498A2C-D709-4813-A545-EE79BB0AE9AF}.Release|Any CPU.ActiveCfg = Release|Any CPU
		{6D498A2C-D709-4813-A545-EE79BB0AE9AF}.Release|Any CPU.Build.0 = Release|Any CPU
		{32380A3D-64FF-4937-B526-E50AAD8BE5A0}.Debug|Any CPU.ActiveCfg = Debug|Any CPU
		{32380A3D-64FF-4937-B526-E50AAD8BE5A0}.Debug|Any CPU.Build.0 = Debug|Any CPU
		{32380A3D-64FF-4937-B526-E50AAD8BE5A0}.Release|Any CPU.ActiveCfg = Release|Any CPU
		{32380A3D-64FF-4937-B526-E50AAD8BE5A0}.Release|Any CPU.Build.0 = Release|Any CPU
		{54A618AE-BA07-4A69-AD1F-1BB0113F5AB2}.Debug|Any CPU.ActiveCfg = Debug|Any CPU
		{54A618AE-BA07-4A69-AD1F-1BB0113F5AB2}.Debug|Any CPU.Build.0 = Debug|Any CPU
		{54A618AE-BA07-4A69-AD1F-1BB0113F5AB2}.Release|Any CPU.ActiveCfg = Release|Any CPU
		{54A618AE-BA07-4A69-AD1F-1BB0113F5AB2}.Release|Any CPU.Build.0 = Release|Any CPU
		{F4C37A6E-4A90-4411-8442-5F4E1E2137C8}.Debug|Any CPU.ActiveCfg = Debug|Any CPU
		{F4C37A6E-4A90-4411-8442-5F4E1E2137C8}.Debug|Any CPU.Build.0 = Debug|Any CPU
		{F4C37A6E-4A90-4411-8442-5F4E1E2137C8}.Release|Any CPU.ActiveCfg = Release|Any CPU
		{F4C37A6E-4A90-4411-8442-5F4E1E2137C8}.Release|Any CPU.Build.0 = Release|Any CPU
		{E01A8177-CD2A-44DC-9283-6BC0575DB33D}.Debug|Any CPU.ActiveCfg = Debug|Any CPU
		{E01A8177-CD2A-44DC-9283-6BC0575DB33D}.Debug|Any CPU.Build.0 = Debug|Any CPU
		{E01A8177-CD2A-44DC-9283-6BC0575DB33D}.Release|Any CPU.ActiveCfg = Release|Any CPU
		{E01A8177-CD2A-44DC-9283-6BC0575DB33D}.Release|Any CPU.Build.0 = Release|Any CPU
		{186D5C4F-A300-4F31-B84E-69B53D854545}.Debug|Any CPU.ActiveCfg = Debug|Any CPU
		{186D5C4F-A300-4F31-B84E-69B53D854545}.Debug|Any CPU.Build.0 = Debug|Any CPU
		{186D5C4F-A300-4F31-B84E-69B53D854545}.Release|Any CPU.ActiveCfg = Release|Any CPU
		{186D5C4F-A300-4F31-B84E-69B53D854545}.Release|Any CPU.Build.0 = Release|Any CPU
		{E0A974ED-59CD-4E7D-A0F6-98BD721E59B0}.Debug|Any CPU.ActiveCfg = Debug|Any CPU
		{E0A974ED-59CD-4E7D-A0F6-98BD721E59B0}.Debug|Any CPU.Build.0 = Debug|Any CPU
		{E0A974ED-59CD-4E7D-A0F6-98BD721E59B0}.Release|Any CPU.ActiveCfg = Release|Any CPU
		{E0A974ED-59CD-4E7D-A0F6-98BD721E59B0}.Release|Any CPU.Build.0 = Release|Any CPU
		{5F790294-87BD-4784-AD4B-FF64C379742B}.Debug|Any CPU.ActiveCfg = Debug|Any CPU
		{5F790294-87BD-4784-AD4B-FF64C379742B}.Debug|Any CPU.Build.0 = Debug|Any CPU
		{5F790294-87BD-4784-AD4B-FF64C379742B}.Release|Any CPU.ActiveCfg = Release|Any CPU
		{5F790294-87BD-4784-AD4B-FF64C379742B}.Release|Any CPU.Build.0 = Release|Any CPU
		{875E8DEE-A4F4-4FDB-8611-FA5463F56C17}.Debug|Any CPU.ActiveCfg = Debug|Any CPU
		{875E8DEE-A4F4-4FDB-8611-FA5463F56C17}.Debug|Any CPU.Build.0 = Debug|Any CPU
		{875E8DEE-A4F4-4FDB-8611-FA5463F56C17}.Release|Any CPU.ActiveCfg = Release|Any CPU
		{875E8DEE-A4F4-4FDB-8611-FA5463F56C17}.Release|Any CPU.Build.0 = Release|Any CPU
	EndGlobalSection
	GlobalSection(SolutionProperties) = preSolution
		HideSolutionNode = FALSE
	EndGlobalSection
	GlobalSection(NestedProjects) = preSolution
		{630741DB-29FC-41C2-8DD9-6CAB055C56EF} = {D9B35A8C-7C81-459C-9073-901A9CAE0721}
		{CBD07BA4-3588-492B-9947-A98298E4DBBB} = {3B645684-78AD-482C-ABCF-F8AB17BF6D09}
		{6D498A2C-D709-4813-A545-EE79BB0AE9AF} = {0FEDAE8C-17A8-42BE-85EB-9A278956FE32}
		{3661A949-0179-4E60-B550-D08E394647D9} = {F2A8ED71-17B9-4027-B7DA-930DEB39480B}
		{54F6D895-C3BC-4541-BA6D-E579BE535626} = {3661A949-0179-4E60-B550-D08E394647D9}
		{1CDAFA57-CFBB-4264-8816-FA473E2D803C} = {3661A949-0179-4E60-B550-D08E394647D9}
		{D01C55B3-F1E4-4E73-8650-697C1A75366F} = {3661A949-0179-4E60-B550-D08E394647D9}
		{B8FC4360-1D3D-444F-984A-B3362CEBC569} = {3661A949-0179-4E60-B550-D08E394647D9}
		{32380A3D-64FF-4937-B526-E50AAD8BE5A0} = {54F6D895-C3BC-4541-BA6D-E579BE535626}
		{54A618AE-BA07-4A69-AD1F-1BB0113F5AB2} = {D01C55B3-F1E4-4E73-8650-697C1A75366F}
		{F4C37A6E-4A90-4411-8442-5F4E1E2137C8} = {B8FC4360-1D3D-444F-984A-B3362CEBC569}
		{E01A8177-CD2A-44DC-9283-6BC0575DB33D} = {1CDAFA57-CFBB-4264-8816-FA473E2D803C}
		{85BD177D-9D52-4E37-9D15-BA2FCC6AA418} = {F2A8ED71-17B9-4027-B7DA-930DEB39480B}
		{E45562C5-2FF1-4B3C-A730-BED249BEB6BB} = {85BD177D-9D52-4E37-9D15-BA2FCC6AA418}
		{80FDD6CC-7E3A-4F81-BFB2-34DAA326FE9E} = {85BD177D-9D52-4E37-9D15-BA2FCC6AA418}
		{693D9834-BE92-4496-9A52-A03E6DF1CC1E} = {85BD177D-9D52-4E37-9D15-BA2FCC6AA418}
		{C7AD68D7-5079-47E6-BC78-DA73B2262627} = {85BD177D-9D52-4E37-9D15-BA2FCC6AA418}
		{186D5C4F-A300-4F31-B84E-69B53D854545} = {E45562C5-2FF1-4B3C-A730-BED249BEB6BB}
		{E0A974ED-59CD-4E7D-A0F6-98BD721E59B0} = {80FDD6CC-7E3A-4F81-BFB2-34DAA326FE9E}
		{5F790294-87BD-4784-AD4B-FF64C379742B} = {693D9834-BE92-4496-9A52-A03E6DF1CC1E}
		{875E8DEE-A4F4-4FDB-8611-FA5463F56C17} = {C7AD68D7-5079-47E6-BC78-DA73B2262627}
	EndGlobalSection
	GlobalSection(ExtensibilityGlobals) = postSolution
		SolutionGuid = {78429F1A-47F1-4510-AE76-4349B572C677}
	EndGlobalSection
EndGlobal
